
Microsoft Visual Studio Solution File, Format Version 12.00
# Visual Studio Version 17
VisualStudioVersion = 17.13.35806.99
MinimumVisualStudioVersion = 10.0.40219.1
Project("{2150E333-8FDC-42A3-9474-1A3956D46DE8}") = "AccountManagement", "AccountManagement", "{02EA681E-C7D8-13C7-8484-4AC65E1B71E8}"
EndProject
Project("{2150E333-8FDC-42A3-9474-1A3956D46DE8}") = "AM.Domain", "AM.Domain", "{8281EF52-11F7-4004-BBC5-398861B56461}"
EndProject
Project("{FAE04EC0-301F-11D3-BF4B-00C04F79EFBC}") = "AccountManagement.Domain", "AccountManagement.Domain\AccountManagement.Domain.csproj", "{98668BB3-A420-44D5-B0EA-3EF5FD9171E0}"
EndProject
Project("{2150E333-8FDC-42A3-9474-1A3956D46DE8}") = "AM.Application", "AM.Application", "{77006854-04F7-48ED-9A52-61A3974BB746}"
EndProject
Project("{FAE04EC0-301F-11D3-BF4B-00C04F79EFBC}") = "AccountManagement.Application.Contract", "AccountManagement.Application.Contract\AccountManagement.Application.Contract.csproj", "{4FC2BFF2-3015-42AA-BCD2-D124FD986400}"
EndProject
Project("{FAE04EC0-301F-11D3-BF4B-00C04F79EFBC}") = "AccountManagement.Application", "AccountManagement.Application\AccountManagement.Application.csproj", "{143D2B82-FB95-4CEC-9C80-461AE1DFF17D}"
EndProject
Project("{2150E333-8FDC-42A3-9474-1A3956D46DE8}") = "AM.Infrastructure", "AM.Infrastructure", "{AD982978-951C-4F91-996A-C31BE24D09D6}"
EndProject
Project("{FAE04EC0-301F-11D3-BF4B-00C04F79EFBC}") = "AccountManagement.Infrastructure.EFCore", "AccountManagement.Infrastructure.EFCore\AccountManagement.Infrastructure.EFCore.csproj", "{8415C15F-A568-4000-A7E3-16CC975B17E9}"
EndProject
Project("{FAE04EC0-301F-11D3-BF4B-00C04F79EFBC}") = "AccountManagement.Infrastructure.Configuration", "AccountManagement.Infrastructure.Configuration\AccountManagement.Infrastructure.Configuration.csproj", "{1FFA4864-5042-4A4B-997B-7BD860B661F6}"
EndProject
Project("{FAE04EC0-301F-11D3-BF4B-00C04F79EFBC}") = "01_Framework", "01_Framework\01_Framework.csproj", "{FC1083B9-B6AE-4DF2-B77B-4E7487B0F045}"
EndProject
Project("{FAE04EC0-301F-11D3-BF4B-00C04F79EFBC}") = "02_Query", "02_Query\02_Query.csproj", "{AF707664-41DD-4E5D-B505-94F00F5806DF}"
EndProject
Project("{2150E333-8FDC-42A3-9474-1A3956D46DE8}") = "BlogManagement", "BlogManagement", "{B8854997-EF6A-44B5-8656-E3AC0808C4C6}"
EndProject
Project("{2150E333-8FDC-42A3-9474-1A3956D46DE8}") = "BM.Domain", "BM.Domain", "{CDE13D8A-FB0E-492A-A18E-F933F8934CF3}"
EndProject
Project("{FAE04EC0-301F-11D3-BF4B-00C04F79EFBC}") = "BlogManagement.Domain", "BlogManagement.Domain\BlogManagement.Domain.csproj", "{A0C6339F-A263-467B-9BFA-0697060F9145}"
EndProject
Project("{2150E333-8FDC-42A3-9474-1A3956D46DE8}") = "BM.Infrastructure", "BM.Infrastructure", "{EF10D281-06C3-47FE-B875-56115A1BC0A2}"
EndProject
Project("{FAE04EC0-301F-11D3-BF4B-00C04F79EFBC}") = "BlogManagement.Infrastructure.EFCore", "BlogManagement.Infrastructure.EFCore\BlogManagement.Infrastructure.EFCore.csproj", "{A6182C1E-4293-46BC-A4CA-B926B2DB3AFD}"
EndProject
Project("{FAE04EC0-301F-11D3-BF4B-00C04F79EFBC}") = "BlogManagement.Infrastructure.Configuration", "BlogManagement.Infrastructure.Configuration\BlogManagement.Infrastructure.Configuration.csproj", "{80274651-615E-4F28-A3CD-F814BACC6D61}"
EndProject
Project("{2150E333-8FDC-42A3-9474-1A3956D46DE8}") = "BM.Application", "BM.Application", "{9CEF397C-150A-494A-8865-DFF0F16D9F6D}"
EndProject
Project("{FAE04EC0-301F-11D3-BF4B-00C04F79EFBC}") = "BlogManagement.Application.Contract", "BlogManagement.Application.Contract\BlogManagement.Application.Contract.csproj", "{34F73AB6-2332-4C28-928B-FC07899D2B7D}"
EndProject
Project("{FAE04EC0-301F-11D3-BF4B-00C04F79EFBC}") = "BlogManagement.Application", "BlogManagement.Application\BlogManagement.Application.csproj", "{1FE86B4C-F617-474B-A137-56E890BA941B}"
EndProject
Project("{2150E333-8FDC-42A3-9474-1A3956D46DE8}") = "CommentManagement", "CommentManagement", "{64478CE9-6339-41D7-B759-7113486D6C93}"
EndProject
Project("{2150E333-8FDC-42A3-9474-1A3956D46DE8}") = "CM.Domain", "CM.Domain", "{934ECE6B-2209-4AF4-8376-23C87C426B4C}"
EndProject
Project("{FAE04EC0-301F-11D3-BF4B-00C04F79EFBC}") = "CommentManagement.Domain", "CommentManagement.Domain\CommentManagement.Domain.csproj", "{8836BB22-F395-41E9-B86F-7BF0B09175C6}"
EndProject
Project("{2150E333-8FDC-42A3-9474-1A3956D46DE8}") = "CM.Application", "CM.Application", "{450A307A-3642-40E9-938A-60625BDE40BC}"
EndProject
Project("{FAE04EC0-301F-11D3-BF4B-00C04F79EFBC}") = "CommentManagement.Application", "CommentManagement.Application\CommentManagement.Application.csproj", "{061C2D24-193E-4CA4-9FEE-37D24366E930}"
EndProject
Project("{FAE04EC0-301F-11D3-BF4B-00C04F79EFBC}") = "CommentManagement.Application.Contract", "CommentManagement.Application.Contract\CommentManagement.Application.Contract.csproj", "{245D4CB7-8CAD-44E8-97FE-DA72BB5748AB}"
EndProject
Project("{2150E333-8FDC-42A3-9474-1A3956D46DE8}") = "CM.Infrastructure", "CM.Infrastructure", "{724662B4-096D-4CCB-923F-9E883E547BE9}"
EndProject
Project("{FAE04EC0-301F-11D3-BF4B-00C04F79EFBC}") = "CommentManagement.Infrastructure.Configuration", "CommentManagement.Infrastructure.Configuration\CommentManagement.Infrastructure.Configuration.csproj", "{0FF33D03-B9CC-40AE-A1BB-E22D2BF628A6}"
EndProject
Project("{FAE04EC0-301F-11D3-BF4B-00C04F79EFBC}") = "CommentManagement.Infrastructure.EFCore", "CommentManagement.Infrastructure.EFCore\CommentManagement.Infrastructure.EFCore.csproj", "{D789EBC9-4E9C-4DA6-ADD7-DF8FE8BF9802}"
EndProject
Project("{2150E333-8FDC-42A3-9474-1A3956D46DE8}") = "DiscountManagement", "DiscountManagement", "{668F6F42-6063-4370-9B5B-1EC406AAE09C}"
EndProject
Project("{2150E333-8FDC-42A3-9474-1A3956D46DE8}") = "DM.Domain", "DM.Domain", "{D6B24448-E7B2-4502-B8BD-366AF13FBD68}"
EndProject
Project("{FAE04EC0-301F-11D3-BF4B-00C04F79EFBC}") = "DiscountManagement.Domain", "DiscountManagement.Domain\DiscountManagement.Domain.csproj", "{960F4528-4CBF-42AE-9CD5-3C181F174C83}"
EndProject
Project("{2150E333-8FDC-42A3-9474-1A3956D46DE8}") = "DM.Infrastructure", "DM.Infrastructure", "{51BD10CD-ABCD-41AA-ADE2-37BB107CAF2A}"
EndProject
Project("{FAE04EC0-301F-11D3-BF4B-00C04F79EFBC}") = "DiscountManagement.Infrastructure.EFCore", "DiscountManagement.Infrastructure.EFCore\DiscountManagement.Infrastructure.EFCore.csproj", "{C5ADC1E6-8E39-4417-A62C-6D51D6B108D1}"
EndProject
Project("{FAE04EC0-301F-11D3-BF4B-00C04F79EFBC}") = "DiscountManagement.Infrastructure.Configuration", "DiscountManagement.Infrastructure.Configuration\DiscountManagement.Infrastructure.Configuration.csproj", "{70CF66AA-8F59-4B13-8862-07CC97C6B603}"
EndProject
Project("{2150E333-8FDC-42A3-9474-1A3956D46DE8}") = "DM.Application", "DM.Application", "{50CB3D33-92D8-4CBA-914B-AAF7D58FBD15}"
EndProject
Project("{FAE04EC0-301F-11D3-BF4B-00C04F79EFBC}") = "DiscountManagement.Application", "DiscountManagement.Application\DiscountManagement.Application.csproj", "{F3DB3753-C4E9-4F07-82A7-88495A4A95DC}"
EndProject
Project("{FAE04EC0-301F-11D3-BF4B-00C04F79EFBC}") = "DiscountManagement.Application.Contract", "DiscountManagemenrt.Application.Contract\DiscountManagement.Application.Contract.csproj", "{302AAB84-F70B-492C-A929-17ABA243914C}"
EndProject
Project("{2150E333-8FDC-42A3-9474-1A3956D46DE8}") = "ShopManagement", "ShopManagement", "{A1769FB8-1572-4576-8323-A5495A328B7A}"
EndProject
Project("{2150E333-8FDC-42A3-9474-1A3956D46DE8}") = "SM.Domain", "SM.Domain", "{885CAD22-370A-400B-8CBC-E2535464294C}"
EndProject
Project("{FAE04EC0-301F-11D3-BF4B-00C04F79EFBC}") = "ShopManagement.Domain", "ShopManagement.Domain\ShopManagement.Domain.csproj", "{67C5542A-F6F6-45BE-A5ED-6E4A1A022688}"
EndProject
Project("{2150E333-8FDC-42A3-9474-1A3956D46DE8}") = "SM.Application", "SM.Application", "{D8E526C7-E407-462B-8A88-C31F7847EEFA}"
EndProject
Project("{FAE04EC0-301F-11D3-BF4B-00C04F79EFBC}") = "ShopManagement.Application.Contract", "ShopManagement.Application.Contract\ShopManagement.Application.Contract.csproj", "{B2A97038-1276-45EB-A620-1F1B61EBCCAB}"
EndProject
Project("{FAE04EC0-301F-11D3-BF4B-00C04F79EFBC}") = "ShopManagement.Application", "ShopManagement.Application\ShopManagement.Application.csproj", "{2680BF66-23D8-458C-A0E4-109F21E1AAF3}"
EndProject
Project("{2150E333-8FDC-42A3-9474-1A3956D46DE8}") = "SM.Infrastructure", "SM.Infrastructure", "{5E133A40-93D2-42AA-88FB-0B75B5908856}"
EndProject
Project("{FAE04EC0-301F-11D3-BF4B-00C04F79EFBC}") = "ShopManagement.Infrastructure.EFCore", "ShopManagement.Infrastructure.EFCore\ShopManagement.Infrastructure.EFCore.csproj", "{36E273B5-FF4C-46E4-8962-3179366DE6F0}"
EndProject
Project("{FAE04EC0-301F-11D3-BF4B-00C04F79EFBC}") = "ShopManagement.Infrastructure.Configuration", "ShopManagement.Infrastructure.Configuration\ShopManagement.Infrastructure.Configuration.csproj", "{2D859C0A-433B-48FF-8DA3-CBA6DCE31A85}"
EndProject
Project("{2150E333-8FDC-42A3-9474-1A3956D46DE8}") = "InventoryManagement", "InventoryManagement", "{262411AF-F26F-477A-A236-B21E50A10899}"
EndProject
Project("{2150E333-8FDC-42A3-9474-1A3956D46DE8}") = "IM.Domain", "IM.Domain", "{73C4599D-3FAC-45FB-A4DD-2DC4B91BD63C}"
EndProject
Project("{2150E333-8FDC-42A3-9474-1A3956D46DE8}") = "IM.Infrastructure", "IM.Infrastructure", "{BD35F9BE-2DD2-404B-BC1D-4989486216ED}"
EndProject
Project("{2150E333-8FDC-42A3-9474-1A3956D46DE8}") = "IM.Application", "IM.Application", "{DE6BB2BE-96BA-4C15-8913-3C8BA7546B2B}"
EndProject
Project("{FAE04EC0-301F-11D3-BF4B-00C04F79EFBC}") = "InventoryManagement.Application.Contract", "InventoryManagement.Application.Contract\InventoryManagement.Application.Contract.csproj", "{57874CF9-7D5B-4153-BBF4-221A691066C0}"
EndProject
Project("{FAE04EC0-301F-11D3-BF4B-00C04F79EFBC}") = "InventoryManagement.Application", "InventoryManagement.Application\InventoryManagement.Application.csproj", "{82E1DE5B-B18C-4D13-A1A2-70111FFFB372}"
EndProject
Project("{FAE04EC0-301F-11D3-BF4B-00C04F79EFBC}") = "InventoryManagement.Domain", "InventoryManagement.Domain\InventoryManagement.Domain.csproj", "{F6F24664-88E5-4072-ABC3-E90CC1BC1DE0}"
EndProject
Project("{FAE04EC0-301F-11D3-BF4B-00C04F79EFBC}") = "InventoryManagement.Infrastructure.Configuration", "InventoryManagement.Infrastructure.Configuration\InventoryManagement.Infrastructure.Configuration.csproj", "{D3423745-642A-437E-B4EE-E7074858E5C1}"
EndProject
Project("{FAE04EC0-301F-11D3-BF4B-00C04F79EFBC}") = "InventoryManagement.Infrastructure.EFCore", "InventoryManagement.Infrastructure.EFCore\InventoryManagement.Infrastructure.EFCore.csproj", "{CD186AE7-B680-4955-B1AF-94892AB76D19}"
EndProject
Project("{FAE04EC0-301F-11D3-BF4B-00C04F79EFBC}") = "ServiceHost", "ServiceHost\ServiceHost.csproj", "{73B55598-05A0-4DB0-9027-45A5DCBB1E12}"
EndProject
Project("{FAE04EC0-301F-11D3-BF4B-00C04F79EFBC}") = "ShopManagement.Infrastructure.InventoryAcl", "ShopManagement.Infrastructure.InventoryAcl\ShopManagement.Infrastructure.InventoryAcl.csproj", "{148215D2-132F-432F-BB7C-CCF8220761AE}"
EndProject
Project("{FAE04EC0-301F-11D3-BF4B-00C04F79EFBC}") = "ShopManagement.Infrastructure.AccountAcl", "ShopManagement.Infrastructure.AccountAcl\ShopManagement.Infrastructure.AccountAcl.csproj", "{E20DAA8A-9632-4F21-BAE5-113A400A72FE}"
EndProject
Global
	GlobalSection(SolutionConfigurationPlatforms) = preSolution
		Debug|Any CPU = Debug|Any CPU
		Release|Any CPU = Release|Any CPU
	EndGlobalSection
	GlobalSection(ProjectConfigurationPlatforms) = postSolution
		{98668BB3-A420-44D5-B0EA-3EF5FD9171E0}.Debug|Any CPU.ActiveCfg = Debug|Any CPU
		{98668BB3-A420-44D5-B0EA-3EF5FD9171E0}.Debug|Any CPU.Build.0 = Debug|Any CPU
		{98668BB3-A420-44D5-B0EA-3EF5FD9171E0}.Release|Any CPU.ActiveCfg = Release|Any CPU
		{98668BB3-A420-44D5-B0EA-3EF5FD9171E0}.Release|Any CPU.Build.0 = Release|Any CPU
		{4FC2BFF2-3015-42AA-BCD2-D124FD986400}.Debug|Any CPU.ActiveCfg = Debug|Any CPU
		{4FC2BFF2-3015-42AA-BCD2-D124FD986400}.Debug|Any CPU.Build.0 = Debug|Any CPU
		{4FC2BFF2-3015-42AA-BCD2-D124FD986400}.Release|Any CPU.ActiveCfg = Release|Any CPU
		{4FC2BFF2-3015-42AA-BCD2-D124FD986400}.Release|Any CPU.Build.0 = Release|Any CPU
		{143D2B82-FB95-4CEC-9C80-461AE1DFF17D}.Debug|Any CPU.ActiveCfg = Debug|Any CPU
		{143D2B82-FB95-4CEC-9C80-461AE1DFF17D}.Debug|Any CPU.Build.0 = Debug|Any CPU
		{143D2B82-FB95-4CEC-9C80-461AE1DFF17D}.Release|Any CPU.ActiveCfg = Release|Any CPU
		{143D2B82-FB95-4CEC-9C80-461AE1DFF17D}.Release|Any CPU.Build.0 = Release|Any CPU
		{8415C15F-A568-4000-A7E3-16CC975B17E9}.Debug|Any CPU.ActiveCfg = Debug|Any CPU
		{8415C15F-A568-4000-A7E3-16CC975B17E9}.Debug|Any CPU.Build.0 = Debug|Any CPU
		{8415C15F-A568-4000-A7E3-16CC975B17E9}.Release|Any CPU.ActiveCfg = Release|Any CPU
		{8415C15F-A568-4000-A7E3-16CC975B17E9}.Release|Any CPU.Build.0 = Release|Any CPU
		{1FFA4864-5042-4A4B-997B-7BD860B661F6}.Debug|Any CPU.ActiveCfg = Debug|Any CPU
		{1FFA4864-5042-4A4B-997B-7BD860B661F6}.Debug|Any CPU.Build.0 = Debug|Any CPU
		{1FFA4864-5042-4A4B-997B-7BD860B661F6}.Release|Any CPU.ActiveCfg = Release|Any CPU
		{1FFA4864-5042-4A4B-997B-7BD860B661F6}.Release|Any CPU.Build.0 = Release|Any CPU
		{FC1083B9-B6AE-4DF2-B77B-4E7487B0F045}.Debug|Any CPU.ActiveCfg = Debug|Any CPU
		{FC1083B9-B6AE-4DF2-B77B-4E7487B0F045}.Debug|Any CPU.Build.0 = Debug|Any CPU
		{FC1083B9-B6AE-4DF2-B77B-4E7487B0F045}.Release|Any CPU.ActiveCfg = Release|Any CPU
		{FC1083B9-B6AE-4DF2-B77B-4E7487B0F045}.Release|Any CPU.Build.0 = Release|Any CPU
		{AF707664-41DD-4E5D-B505-94F00F5806DF}.Debug|Any CPU.ActiveCfg = Debug|Any CPU
		{AF707664-41DD-4E5D-B505-94F00F5806DF}.Debug|Any CPU.Build.0 = Debug|Any CPU
		{AF707664-41DD-4E5D-B505-94F00F5806DF}.Release|Any CPU.ActiveCfg = Release|Any CPU
		{AF707664-41DD-4E5D-B505-94F00F5806DF}.Release|Any CPU.Build.0 = Release|Any CPU
		{A0C6339F-A263-467B-9BFA-0697060F9145}.Debug|Any CPU.ActiveCfg = Debug|Any CPU
		{A0C6339F-A263-467B-9BFA-0697060F9145}.Debug|Any CPU.Build.0 = Debug|Any CPU
		{A0C6339F-A263-467B-9BFA-0697060F9145}.Release|Any CPU.ActiveCfg = Release|Any CPU
		{A0C6339F-A263-467B-9BFA-0697060F9145}.Release|Any CPU.Build.0 = Release|Any CPU
		{A6182C1E-4293-46BC-A4CA-B926B2DB3AFD}.Debug|Any CPU.ActiveCfg = Debug|Any CPU
		{A6182C1E-4293-46BC-A4CA-B926B2DB3AFD}.Debug|Any CPU.Build.0 = Debug|Any CPU
		{A6182C1E-4293-46BC-A4CA-B926B2DB3AFD}.Release|Any CPU.ActiveCfg = Release|Any CPU
		{A6182C1E-4293-46BC-A4CA-B926B2DB3AFD}.Release|Any CPU.Build.0 = Release|Any CPU
		{80274651-615E-4F28-A3CD-F814BACC6D61}.Debug|Any CPU.ActiveCfg = Debug|Any CPU
		{80274651-615E-4F28-A3CD-F814BACC6D61}.Debug|Any CPU.Build.0 = Debug|Any CPU
		{80274651-615E-4F28-A3CD-F814BACC6D61}.Release|Any CPU.ActiveCfg = Release|Any CPU
		{80274651-615E-4F28-A3CD-F814BACC6D61}.Release|Any CPU.Build.0 = Release|Any CPU
		{34F73AB6-2332-4C28-928B-FC07899D2B7D}.Debug|Any CPU.ActiveCfg = Debug|Any CPU
		{34F73AB6-2332-4C28-928B-FC07899D2B7D}.Debug|Any CPU.Build.0 = Debug|Any CPU
		{34F73AB6-2332-4C28-928B-FC07899D2B7D}.Release|Any CPU.ActiveCfg = Release|Any CPU
		{34F73AB6-2332-4C28-928B-FC07899D2B7D}.Release|Any CPU.Build.0 = Release|Any CPU
		{1FE86B4C-F617-474B-A137-56E890BA941B}.Debug|Any CPU.ActiveCfg = Debug|Any CPU
		{1FE86B4C-F617-474B-A137-56E890BA941B}.Debug|Any CPU.Build.0 = Debug|Any CPU
		{1FE86B4C-F617-474B-A137-56E890BA941B}.Release|Any CPU.ActiveCfg = Release|Any CPU
		{1FE86B4C-F617-474B-A137-56E890BA941B}.Release|Any CPU.Build.0 = Release|Any CPU
		{8836BB22-F395-41E9-B86F-7BF0B09175C6}.Debug|Any CPU.ActiveCfg = Debug|Any CPU
		{8836BB22-F395-41E9-B86F-7BF0B09175C6}.Debug|Any CPU.Build.0 = Debug|Any CPU
		{8836BB22-F395-41E9-B86F-7BF0B09175C6}.Release|Any CPU.ActiveCfg = Release|Any CPU
		{8836BB22-F395-41E9-B86F-7BF0B09175C6}.Release|Any CPU.Build.0 = Release|Any CPU
		{061C2D24-193E-4CA4-9FEE-37D24366E930}.Debug|Any CPU.ActiveCfg = Debug|Any CPU
		{061C2D24-193E-4CA4-9FEE-37D24366E930}.Debug|Any CPU.Build.0 = Debug|Any CPU
		{061C2D24-193E-4CA4-9FEE-37D24366E930}.Release|Any CPU.ActiveCfg = Release|Any CPU
		{061C2D24-193E-4CA4-9FEE-37D24366E930}.Release|Any CPU.Build.0 = Release|Any CPU
		{245D4CB7-8CAD-44E8-97FE-DA72BB5748AB}.Debug|Any CPU.ActiveCfg = Debug|Any CPU
		{245D4CB7-8CAD-44E8-97FE-DA72BB5748AB}.Debug|Any CPU.Build.0 = Debug|Any CPU
		{245D4CB7-8CAD-44E8-97FE-DA72BB5748AB}.Release|Any CPU.ActiveCfg = Release|Any CPU
		{245D4CB7-8CAD-44E8-97FE-DA72BB5748AB}.Release|Any CPU.Build.0 = Release|Any CPU
		{0FF33D03-B9CC-40AE-A1BB-E22D2BF628A6}.Debug|Any CPU.ActiveCfg = Debug|Any CPU
		{0FF33D03-B9CC-40AE-A1BB-E22D2BF628A6}.Debug|Any CPU.Build.0 = Debug|Any CPU
		{0FF33D03-B9CC-40AE-A1BB-E22D2BF628A6}.Release|Any CPU.ActiveCfg = Release|Any CPU
		{0FF33D03-B9CC-40AE-A1BB-E22D2BF628A6}.Release|Any CPU.Build.0 = Release|Any CPU
		{D789EBC9-4E9C-4DA6-ADD7-DF8FE8BF9802}.Debug|Any CPU.ActiveCfg = Debug|Any CPU
		{D789EBC9-4E9C-4DA6-ADD7-DF8FE8BF9802}.Debug|Any CPU.Build.0 = Debug|Any CPU
		{D789EBC9-4E9C-4DA6-ADD7-DF8FE8BF9802}.Release|Any CPU.ActiveCfg = Release|Any CPU
		{D789EBC9-4E9C-4DA6-ADD7-DF8FE8BF9802}.Release|Any CPU.Build.0 = Release|Any CPU
		{960F4528-4CBF-42AE-9CD5-3C181F174C83}.Debug|Any CPU.ActiveCfg = Debug|Any CPU
		{960F4528-4CBF-42AE-9CD5-3C181F174C83}.Debug|Any CPU.Build.0 = Debug|Any CPU
		{960F4528-4CBF-42AE-9CD5-3C181F174C83}.Release|Any CPU.ActiveCfg = Release|Any CPU
		{960F4528-4CBF-42AE-9CD5-3C181F174C83}.Release|Any CPU.Build.0 = Release|Any CPU
		{C5ADC1E6-8E39-4417-A62C-6D51D6B108D1}.Debug|Any CPU.ActiveCfg = Debug|Any CPU
		{C5ADC1E6-8E39-4417-A62C-6D51D6B108D1}.Debug|Any CPU.Build.0 = Debug|Any CPU
		{C5ADC1E6-8E39-4417-A62C-6D51D6B108D1}.Release|Any CPU.ActiveCfg = Release|Any CPU
		{C5ADC1E6-8E39-4417-A62C-6D51D6B108D1}.Release|Any CPU.Build.0 = Release|Any CPU
		{70CF66AA-8F59-4B13-8862-07CC97C6B603}.Debug|Any CPU.ActiveCfg = Debug|Any CPU
		{70CF66AA-8F59-4B13-8862-07CC97C6B603}.Debug|Any CPU.Build.0 = Debug|Any CPU
		{70CF66AA-8F59-4B13-8862-07CC97C6B603}.Release|Any CPU.ActiveCfg = Release|Any CPU
		{70CF66AA-8F59-4B13-8862-07CC97C6B603}.Release|Any CPU.Build.0 = Release|Any CPU
		{F3DB3753-C4E9-4F07-82A7-88495A4A95DC}.Debug|Any CPU.ActiveCfg = Debug|Any CPU
		{F3DB3753-C4E9-4F07-82A7-88495A4A95DC}.Debug|Any CPU.Build.0 = Debug|Any CPU
		{F3DB3753-C4E9-4F07-82A7-88495A4A95DC}.Release|Any CPU.ActiveCfg = Release|Any CPU
		{F3DB3753-C4E9-4F07-82A7-88495A4A95DC}.Release|Any CPU.Build.0 = Release|Any CPU
		{302AAB84-F70B-492C-A929-17ABA243914C}.Debug|Any CPU.ActiveCfg = Debug|Any CPU
		{302AAB84-F70B-492C-A929-17ABA243914C}.Debug|Any CPU.Build.0 = Debug|Any CPU
		{302AAB84-F70B-492C-A929-17ABA243914C}.Release|Any CPU.ActiveCfg = Release|Any CPU
		{302AAB84-F70B-492C-A929-17ABA243914C}.Release|Any CPU.Build.0 = Release|Any CPU
		{67C5542A-F6F6-45BE-A5ED-6E4A1A022688}.Debug|Any CPU.ActiveCfg = Debug|Any CPU
		{67C5542A-F6F6-45BE-A5ED-6E4A1A022688}.Debug|Any CPU.Build.0 = Debug|Any CPU
		{67C5542A-F6F6-45BE-A5ED-6E4A1A022688}.Release|Any CPU.ActiveCfg = Release|Any CPU
		{67C5542A-F6F6-45BE-A5ED-6E4A1A022688}.Release|Any CPU.Build.0 = Release|Any CPU
		{B2A97038-1276-45EB-A620-1F1B61EBCCAB}.Debug|Any CPU.ActiveCfg = Debug|Any CPU
		{B2A97038-1276-45EB-A620-1F1B61EBCCAB}.Debug|Any CPU.Build.0 = Debug|Any CPU
		{B2A97038-1276-45EB-A620-1F1B61EBCCAB}.Release|Any CPU.ActiveCfg = Release|Any CPU
		{B2A97038-1276-45EB-A620-1F1B61EBCCAB}.Release|Any CPU.Build.0 = Release|Any CPU
		{2680BF66-23D8-458C-A0E4-109F21E1AAF3}.Debug|Any CPU.ActiveCfg = Debug|Any CPU
		{2680BF66-23D8-458C-A0E4-109F21E1AAF3}.Debug|Any CPU.Build.0 = Debug|Any CPU
		{2680BF66-23D8-458C-A0E4-109F21E1AAF3}.Release|Any CPU.ActiveCfg = Release|Any CPU
		{2680BF66-23D8-458C-A0E4-109F21E1AAF3}.Release|Any CPU.Build.0 = Release|Any CPU
		{36E273B5-FF4C-46E4-8962-3179366DE6F0}.Debug|Any CPU.ActiveCfg = Debug|Any CPU
		{36E273B5-FF4C-46E4-8962-3179366DE6F0}.Debug|Any CPU.Build.0 = Debug|Any CPU
		{36E273B5-FF4C-46E4-8962-3179366DE6F0}.Release|Any CPU.ActiveCfg = Release|Any CPU
		{36E273B5-FF4C-46E4-8962-3179366DE6F0}.Release|Any CPU.Build.0 = Release|Any CPU
		{2D859C0A-433B-48FF-8DA3-CBA6DCE31A85}.Debug|Any CPU.ActiveCfg = Debug|Any CPU
		{2D859C0A-433B-48FF-8DA3-CBA6DCE31A85}.Debug|Any CPU.Build.0 = Debug|Any CPU
		{2D859C0A-433B-48FF-8DA3-CBA6DCE31A85}.Release|Any CPU.ActiveCfg = Release|Any CPU
		{2D859C0A-433B-48FF-8DA3-CBA6DCE31A85}.Release|Any CPU.Build.0 = Release|Any CPU
		{57874CF9-7D5B-4153-BBF4-221A691066C0}.Debug|Any CPU.ActiveCfg = Debug|Any CPU
		{57874CF9-7D5B-4153-BBF4-221A691066C0}.Debug|Any CPU.Build.0 = Debug|Any CPU
		{57874CF9-7D5B-4153-BBF4-221A691066C0}.Release|Any CPU.ActiveCfg = Release|Any CPU
		{57874CF9-7D5B-4153-BBF4-221A691066C0}.Release|Any CPU.Build.0 = Release|Any CPU
		{82E1DE5B-B18C-4D13-A1A2-70111FFFB372}.Debug|Any CPU.ActiveCfg = Debug|Any CPU
		{82E1DE5B-B18C-4D13-A1A2-70111FFFB372}.Debug|Any CPU.Build.0 = Debug|Any CPU
		{82E1DE5B-B18C-4D13-A1A2-70111FFFB372}.Release|Any CPU.ActiveCfg = Release|Any CPU
		{82E1DE5B-B18C-4D13-A1A2-70111FFFB372}.Release|Any CPU.Build.0 = Release|Any CPU
		{F6F24664-88E5-4072-ABC3-E90CC1BC1DE0}.Debug|Any CPU.ActiveCfg = Debug|Any CPU
		{F6F24664-88E5-4072-ABC3-E90CC1BC1DE0}.Debug|Any CPU.Build.0 = Debug|Any CPU
		{F6F24664-88E5-4072-ABC3-E90CC1BC1DE0}.Release|Any CPU.ActiveCfg = Release|Any CPU
		{F6F24664-88E5-4072-ABC3-E90CC1BC1DE0}.Release|Any CPU.Build.0 = Release|Any CPU
		{D3423745-642A-437E-B4EE-E7074858E5C1}.Debug|Any CPU.ActiveCfg = Debug|Any CPU
		{D3423745-642A-437E-B4EE-E7074858E5C1}.Debug|Any CPU.Build.0 = Debug|Any CPU
		{D3423745-642A-437E-B4EE-E7074858E5C1}.Release|Any CPU.ActiveCfg = Release|Any CPU
		{D3423745-642A-437E-B4EE-E7074858E5C1}.Release|Any CPU.Build.0 = Release|Any CPU
		{CD186AE7-B680-4955-B1AF-94892AB76D19}.Debug|Any CPU.ActiveCfg = Debug|Any CPU
		{CD186AE7-B680-4955-B1AF-94892AB76D19}.Debug|Any CPU.Build.0 = Debug|Any CPU
		{CD186AE7-B680-4955-B1AF-94892AB76D19}.Release|Any CPU.ActiveCfg = Release|Any CPU
		{CD186AE7-B680-4955-B1AF-94892AB76D19}.Release|Any CPU.Build.0 = Release|Any CPU
		{73B55598-05A0-4DB0-9027-45A5DCBB1E12}.Debug|Any CPU.ActiveCfg = Debug|Any CPU
		{73B55598-05A0-4DB0-9027-45A5DCBB1E12}.Debug|Any CPU.Build.0 = Debug|Any CPU
		{73B55598-05A0-4DB0-9027-45A5DCBB1E12}.Release|Any CPU.ActiveCfg = Release|Any CPU
		{73B55598-05A0-4DB0-9027-45A5DCBB1E12}.Release|Any CPU.Build.0 = Release|Any CPU
		{148215D2-132F-432F-BB7C-CCF8220761AE}.Debug|Any CPU.ActiveCfg = Debug|Any CPU
		{148215D2-132F-432F-BB7C-CCF8220761AE}.Debug|Any CPU.Build.0 = Debug|Any CPU
		{148215D2-132F-432F-BB7C-CCF8220761AE}.Release|Any CPU.ActiveCfg = Release|Any CPU
		{148215D2-132F-432F-BB7C-CCF8220761AE}.Release|Any CPU.Build.0 = Release|Any CPU
		{E20DAA8A-9632-4F21-BAE5-113A400A72FE}.Debug|Any CPU.ActiveCfg = Debug|Any CPU
		{E20DAA8A-9632-4F21-BAE5-113A400A72FE}.Debug|Any CPU.Build.0 = Debug|Any CPU
		{E20DAA8A-9632-4F21-BAE5-113A400A72FE}.Release|Any CPU.ActiveCfg = Release|Any CPU
		{E20DAA8A-9632-4F21-BAE5-113A400A72FE}.Release|Any CPU.Build.0 = Release|Any CPU
	EndGlobalSection
	GlobalSection(SolutionProperties) = preSolution
		HideSolutionNode = FALSE
	EndGlobalSection
	GlobalSection(NestedProjects) = preSolution
		{8281EF52-11F7-4004-BBC5-398861B56461} = {02EA681E-C7D8-13C7-8484-4AC65E1B71E8}
		{98668BB3-A420-44D5-B0EA-3EF5FD9171E0} = {8281EF52-11F7-4004-BBC5-398861B56461}
		{77006854-04F7-48ED-9A52-61A3974BB746} = {02EA681E-C7D8-13C7-8484-4AC65E1B71E8}
		{4FC2BFF2-3015-42AA-BCD2-D124FD986400} = {77006854-04F7-48ED-9A52-61A3974BB746}
		{143D2B82-FB95-4CEC-9C80-461AE1DFF17D} = {77006854-04F7-48ED-9A52-61A3974BB746}
		{AD982978-951C-4F91-996A-C31BE24D09D6} = {02EA681E-C7D8-13C7-8484-4AC65E1B71E8}
		{8415C15F-A568-4000-A7E3-16CC975B17E9} = {AD982978-951C-4F91-996A-C31BE24D09D6}
		{1FFA4864-5042-4A4B-997B-7BD860B661F6} = {AD982978-951C-4F91-996A-C31BE24D09D6}
		{CDE13D8A-FB0E-492A-A18E-F933F8934CF3} = {B8854997-EF6A-44B5-8656-E3AC0808C4C6}
		{A0C6339F-A263-467B-9BFA-0697060F9145} = {CDE13D8A-FB0E-492A-A18E-F933F8934CF3}
		{EF10D281-06C3-47FE-B875-56115A1BC0A2} = {B8854997-EF6A-44B5-8656-E3AC0808C4C6}
		{A6182C1E-4293-46BC-A4CA-B926B2DB3AFD} = {EF10D281-06C3-47FE-B875-56115A1BC0A2}
		{80274651-615E-4F28-A3CD-F814BACC6D61} = {EF10D281-06C3-47FE-B875-56115A1BC0A2}
		{9CEF397C-150A-494A-8865-DFF0F16D9F6D} = {B8854997-EF6A-44B5-8656-E3AC0808C4C6}
		{34F73AB6-2332-4C28-928B-FC07899D2B7D} = {9CEF397C-150A-494A-8865-DFF0F16D9F6D}
		{1FE86B4C-F617-474B-A137-56E890BA941B} = {9CEF397C-150A-494A-8865-DFF0F16D9F6D}
		{934ECE6B-2209-4AF4-8376-23C87C426B4C} = {64478CE9-6339-41D7-B759-7113486D6C93}
		{8836BB22-F395-41E9-B86F-7BF0B09175C6} = {934ECE6B-2209-4AF4-8376-23C87C426B4C}
		{450A307A-3642-40E9-938A-60625BDE40BC} = {64478CE9-6339-41D7-B759-7113486D6C93}
		{061C2D24-193E-4CA4-9FEE-37D24366E930} = {450A307A-3642-40E9-938A-60625BDE40BC}
		{245D4CB7-8CAD-44E8-97FE-DA72BB5748AB} = {450A307A-3642-40E9-938A-60625BDE40BC}
		{724662B4-096D-4CCB-923F-9E883E547BE9} = {64478CE9-6339-41D7-B759-7113486D6C93}
		{0FF33D03-B9CC-40AE-A1BB-E22D2BF628A6} = {724662B4-096D-4CCB-923F-9E883E547BE9}
		{D789EBC9-4E9C-4DA6-ADD7-DF8FE8BF9802} = {724662B4-096D-4CCB-923F-9E883E547BE9}
		{D6B24448-E7B2-4502-B8BD-366AF13FBD68} = {668F6F42-6063-4370-9B5B-1EC406AAE09C}
		{960F4528-4CBF-42AE-9CD5-3C181F174C83} = {D6B24448-E7B2-4502-B8BD-366AF13FBD68}
		{51BD10CD-ABCD-41AA-ADE2-37BB107CAF2A} = {668F6F42-6063-4370-9B5B-1EC406AAE09C}
		{C5ADC1E6-8E39-4417-A62C-6D51D6B108D1} = {51BD10CD-ABCD-41AA-ADE2-37BB107CAF2A}
		{70CF66AA-8F59-4B13-8862-07CC97C6B603} = {51BD10CD-ABCD-41AA-ADE2-37BB107CAF2A}
		{50CB3D33-92D8-4CBA-914B-AAF7D58FBD15} = {668F6F42-6063-4370-9B5B-1EC406AAE09C}
		{F3DB3753-C4E9-4F07-82A7-88495A4A95DC} = {50CB3D33-92D8-4CBA-914B-AAF7D58FBD15}
		{302AAB84-F70B-492C-A929-17ABA243914C} = {50CB3D33-92D8-4CBA-914B-AAF7D58FBD15}
		{885CAD22-370A-400B-8CBC-E2535464294C} = {A1769FB8-1572-4576-8323-A5495A328B7A}
		{67C5542A-F6F6-45BE-A5ED-6E4A1A022688} = {885CAD22-370A-400B-8CBC-E2535464294C}
		{D8E526C7-E407-462B-8A88-C31F7847EEFA} = {A1769FB8-1572-4576-8323-A5495A328B7A}
		{B2A97038-1276-45EB-A620-1F1B61EBCCAB} = {D8E526C7-E407-462B-8A88-C31F7847EEFA}
		{2680BF66-23D8-458C-A0E4-109F21E1AAF3} = {D8E526C7-E407-462B-8A88-C31F7847EEFA}
		{5E133A40-93D2-42AA-88FB-0B75B5908856} = {A1769FB8-1572-4576-8323-A5495A328B7A}
		{36E273B5-FF4C-46E4-8962-3179366DE6F0} = {5E133A40-93D2-42AA-88FB-0B75B5908856}
		{2D859C0A-433B-48FF-8DA3-CBA6DCE31A85} = {5E133A40-93D2-42AA-88FB-0B75B5908856}
		{73C4599D-3FAC-45FB-A4DD-2DC4B91BD63C} = {262411AF-F26F-477A-A236-B21E50A10899}
		{BD35F9BE-2DD2-404B-BC1D-4989486216ED} = {262411AF-F26F-477A-A236-B21E50A10899}
		{DE6BB2BE-96BA-4C15-8913-3C8BA7546B2B} = {262411AF-F26F-477A-A236-B21E50A10899}
		{57874CF9-7D5B-4153-BBF4-221A691066C0} = {DE6BB2BE-96BA-4C15-8913-3C8BA7546B2B}
		{82E1DE5B-B18C-4D13-A1A2-70111FFFB372} = {DE6BB2BE-96BA-4C15-8913-3C8BA7546B2B}
		{F6F24664-88E5-4072-ABC3-E90CC1BC1DE0} = {73C4599D-3FAC-45FB-A4DD-2DC4B91BD63C}
		{D3423745-642A-437E-B4EE-E7074858E5C1} = {BD35F9BE-2DD2-404B-BC1D-4989486216ED}
		{CD186AE7-B680-4955-B1AF-94892AB76D19} = {BD35F9BE-2DD2-404B-BC1D-4989486216ED}
		{148215D2-132F-432F-BB7C-CCF8220761AE} = {5E133A40-93D2-42AA-88FB-0B75B5908856}
		{E20DAA8A-9632-4F21-BAE5-113A400A72FE} = {5E133A40-93D2-42AA-88FB-0B75B5908856}
	EndGlobalSection
	GlobalSection(ExtensibilityGlobals) = postSolution
		SolutionGuid = {80FB493D-4B5D-438F-B15E-BF78C2EDF02D}
	EndGlobalSection
EndGlobal
